
Microsoft Visual Studio Solution File, Format Version 12.00
# Visual Studio Version 16
VisualStudioVersion = 16.0.28803.352
MinimumVisualStudioVersion = 10.0.40219.1
Project("{FAE04EC0-301F-11D3-BF4B-00C04F79EFBC}") = "HorseRacingAutoPurchaser", "HorseRacingAutoPurchaser.csproj", "{CCF2EBC0-8CF9-41E9-9F16-B63DE12C6BD9}"
EndProject
Global
	GlobalSection(SolutionConfigurationPlatforms) = preSolution
		Debug|Any CPU = Debug|Any CPU
		Release|Any CPU = Release|Any CPU
	EndGlobalSection
	GlobalSection(ProjectConfigurationPlatforms) = postSolution
		{CCF2EBC0-8CF9-41E9-9F16-B63DE12C6BD9}.Debug|Any CPU.ActiveCfg = Debug|Any CPU
		{CCF2EBC0-8CF9-41E9-9F16-B63DE12C6BD9}.Debug|Any CPU.Build.0 = Debug|Any CPU
		{CCF2EBC0-8CF9-41E9-9F16-B63DE12C6BD9}.Release|Any CPU.ActiveCfg = Release|Any CPU
		{CCF2EBC0-8CF9-41E9-9F16-B63DE12C6BD9}.Release|Any CPU.Build.0 = Release|Any CPU
	EndGlobalSection
	GlobalSection(SolutionProperties) = preSolution
		HideSolutionNode = FALSE
	EndGlobalSection
	GlobalSection(ExtensibilityGlobals) = postSolution
		SolutionGuid = {D345C08B-A60C-4781-A8CB-9A469CECF071}
	EndGlobalSection
EndGlobal
